
Microsoft Visual Studio Solution File, Format Version 12.00
# Visual Studio Version 18
VisualStudioVersion = 18.6.11822.322 stable
MinimumVisualStudioVersion = 10.0.40219.1
Project("{FAE04EC0-301F-11D3-BF4B-00C04F79EFBC}") = "Hoddmir.Core", "Hoddmir.Core\Hoddmir.Core.csproj", "{0CD1BF6C-4FB4-4335-B9F9-451DFEE5F7FD}"
EndProject
Project("{FAE04EC0-301F-11D3-BF4B-00C04F79EFBC}") = "Hoddmir.Tests", "Hoddmir.Tests\Hoddmir.Tests.csproj", "{DF6EF766-2BD4-47F8-B38F-A5FF02AD534F}"
EndProject
Project("{FAE04EC0-301F-11D3-BF4B-00C04F79EFBC}") = "Hoddmir.Core.BouncyCastle", "Hoddmir.Core.BouncyCastle\Hoddmir.Core.BouncyCastle.csproj", "{F96E059E-3674-4A52-87CF-3D58A9F2B9E8}"
EndProject
Project("{2150E333-8FDC-42A3-9474-1A3956D46DE8}") = "Libraries", "Libraries", "{6C83A596-D32D-B35F-00DD-F0C99B673980}"
EndProject
Project("{2150E333-8FDC-42A3-9474-1A3956D46DE8}") = "Tests", "Tests", "{D67D4C0A-B945-473D-B2AF-5668D0D531E3}"
EndProject
Project("{2150E333-8FDC-42A3-9474-1A3956D46DE8}") = "General", "General", "{9DF70304-0A22-CE1E-AA12-D5904EE55694}"
	ProjectSection(SolutionItems) = preProject
		..\..\LICENSE = ..\..\LICENSE
		..\..\README.md = ..\..\README.md
	EndProjectSection
EndProject
Project("{FAE04EC0-301F-11D3-BF4B-00C04F79EFBC}") = "Hoddmir.Tests.ConsoleApp", "Hoddmir.Tests.ConsoleApp\Hoddmir.Tests.ConsoleApp.csproj", "{4B7BC177-BB4B-4FE7-978E-B0EDFB1D72D9}"
EndProject
Global
	GlobalSection(SolutionConfigurationPlatforms) = preSolution
		Debug|Any CPU = Debug|Any CPU
		Debug|ARM = Debug|ARM
		Debug|ARM64 = Debug|ARM64
		Debug|x64 = Debug|x64
		Debug|x86 = Debug|x86
		Release|Any CPU = Release|Any CPU
		Release|ARM = Release|ARM
		Release|ARM64 = Release|ARM64
		Release|x64 = Release|x64
		Release|x86 = Release|x86
	EndGlobalSection
	GlobalSection(ProjectConfigurationPlatforms) = postSolution
		{0CD1BF6C-4FB4-4335-B9F9-451DFEE5F7FD}.Debug|Any CPU.ActiveCfg = Debug|Any CPU
		{0CD1BF6C-4FB4-4335-B9F9-451DFEE5F7FD}.Debug|Any CPU.Build.0 = Debug|Any CPU
		{0CD1BF6C-4FB4-4335-B9F9-451DFEE5F7FD}.Debug|ARM.ActiveCfg = Debug|Any CPU
		{0CD1BF6C-4FB4-4335-B9F9-451DFEE5F7FD}.Debug|ARM.Build.0 = Debug|Any CPU
		{0CD1BF6C-4FB4-4335-B9F9-451DFEE5F7FD}.Debug|ARM64.ActiveCfg = Debug|Any CPU
		{0CD1BF6C-4FB4-4335-B9F9-451DFEE5F7FD}.Debug|ARM64.Build.0 = Debug|Any CPU
		{0CD1BF6C-4FB4-4335-B9F9-451DFEE5F7FD}.Debug|x64.ActiveCfg = Debug|Any CPU
		{0CD1BF6C-4FB4-4335-B9F9-451DFEE5F7FD}.Debug|x64.Build.0 = Debug|Any CPU
		{0CD1BF6C-4FB4-4335-B9F9-451DFEE5F7FD}.Debug|x86.ActiveCfg = Debug|Any CPU
		{0CD1BF6C-4FB4-4335-B9F9-451DFEE5F7FD}.Debug|x86.Build.0 = Debug|Any CPU
		{0CD1BF6C-4FB4-4335-B9F9-451DFEE5F7FD}.Release|Any CPU.ActiveCfg = Release|Any CPU
		{0CD1BF6C-4FB4-4335-B9F9-451DFEE5F7FD}.Release|Any CPU.Build.0 = Release|Any CPU
		{0CD1BF6C-4FB4-4335-B9F9-451DFEE5F7FD}.Release|ARM.ActiveCfg = Release|Any CPU
		{0CD1BF6C-4FB4-4335-B9F9-451DFEE5F7FD}.Release|ARM.Build.0 = Release|Any CPU
		{0CD1BF6C-4FB4-4335-B9F9-451DFEE5F7FD}.Release|ARM64.ActiveCfg = Release|Any CPU
		{0CD1BF6C-4FB4-4335-B9F9-451DFEE5F7FD}.Release|ARM64.Build.0 = Release|Any CPU
		{0CD1BF6C-4FB4-4335-B9F9-451DFEE5F7FD}.Release|x64.ActiveCfg = Release|Any CPU
		{0CD1BF6C-4FB4-4335-B9F9-451DFEE5F7FD}.Release|x64.Build.0 = Release|Any CPU
		{0CD1BF6C-4FB4-4335-B9F9-451DFEE5F7FD}.Release|x86.ActiveCfg = Release|Any CPU
		{0CD1BF6C-4FB4-4335-B9F9-451DFEE5F7FD}.Release|x86.Build.0 = Release|Any CPU
		{DF6EF766-2BD4-47F8-B38F-A5FF02AD534F}.Debug|Any CPU.ActiveCfg = Debug|Any CPU
		{DF6EF766-2BD4-47F8-B38F-A5FF02AD534F}.Debug|Any CPU.Build.0 = Debug|Any CPU
		{DF6EF766-2BD4-47F8-B38F-A5FF02AD534F}.Debug|ARM.ActiveCfg = Debug|Any CPU
		{DF6EF766-2BD4-47F8-B38F-A5FF02AD534F}.Debug|ARM.Build.0 = Debug|Any CPU
		{DF6EF766-2BD4-47F8-B38F-A5FF02AD534F}.Debug|ARM64.ActiveCfg = Debug|Any CPU
		{DF6EF766-2BD4-47F8-B38F-A5FF02AD534F}.Debug|ARM64.Build.0 = Debug|Any CPU
		{DF6EF766-2BD4-47F8-B38F-A5FF02AD534F}.Debug|x64.ActiveCfg = Debug|Any CPU
		{DF6EF766-2BD4-47F8-B38F-A5FF02AD534F}.Debug|x64.Build.0 = Debug|Any CPU
		{DF6EF766-2BD4-47F8-B38F-A5FF02AD534F}.Debug|x86.ActiveCfg = Debug|Any CPU
		{DF6EF766-2BD4-47F8-B38F-A5FF02AD534F}.Debug|x86.Build.0 = Debug|Any CPU
		{DF6EF766-2BD4-47F8-B38F-A5FF02AD534F}.Release|Any CPU.ActiveCfg = Release|Any CPU
		{DF6EF766-2BD4-47F8-B38F-A5FF02AD534F}.Release|Any CPU.Build.0 = Release|Any CPU
		{DF6EF766-2BD4-47F8-B38F-A5FF02AD534F}.Release|ARM.ActiveCfg = Release|Any CPU
		{DF6EF766-2BD4-47F8-B38F-A5FF02AD534F}.Release|ARM.Build.0 = Release|Any CPU
		{DF6EF766-2BD4-47F8-B38F-A5FF02AD534F}.Release|ARM64.ActiveCfg = Release|Any CPU
		{DF6EF766-2BD4-47F8-B38F-A5FF02AD534F}.Release|ARM64.Build.0 = Release|Any CPU
		{DF6EF766-2BD4-47F8-B38F-A5FF02AD534F}.Release|x64.ActiveCfg = Release|Any CPU
		{DF6EF766-2BD4-47F8-B38F-A5FF02AD534F}.Release|x64.Build.0 = Release|Any CPU
		{DF6EF766-2BD4-47F8-B38F-A5FF02AD534F}.Release|x86.ActiveCfg = Release|Any CPU
		{DF6EF766-2BD4-47F8-B38F-A5FF02AD534F}.Release|x86.Build.0 = Release|Any CPU
		{F96E059E-3674-4A52-87CF-3D58A9F2B9E8}.Debug|Any CPU.ActiveCfg = Debug|Any CPU
		{F96E059E-3674-4A52-87CF-3D58A9F2B9E8}.Debug|Any CPU.Build.0 = Debug|Any CPU
		{F96E059E-3674-4A52-87CF-3D58A9F2B9E8}.Debug|ARM.ActiveCfg = Debug|Any CPU
		{F96E059E-3674-4A52-87CF-3D58A9F2B9E8}.Debug|ARM.Build.0 = Debug|Any CPU
		{F96E059E-3674-4A52-87CF-3D58A9F2B9E8}.Debug|ARM64.ActiveCfg = Debug|Any CPU
		{F96E059E-3674-4A52-87CF-3D58A9F2B9E8}.Debug|ARM64.Build.0 = Debug|Any CPU
		{F96E059E-3674-4A52-87CF-3D58A9F2B9E8}.Debug|x64.ActiveCfg = Debug|Any CPU
		{F96E059E-3674-4A52-87CF-3D58A9F2B9E8}.Debug|x64.Build.0 = Debug|Any CPU
		{F96E059E-3674-4A52-87CF-3D58A9F2B9E8}.Debug|x86.ActiveCfg = Debug|Any CPU
		{F96E059E-3674-4A52-87CF-3D58A9F2B9E8}.Debug|x86.Build.0 = Debug|Any CPU
		{F96E059E-3674-4A52-87CF-3D58A9F2B9E8}.Release|Any CPU.ActiveCfg = Release|Any CPU
		{F96E059E-3674-4A52-87CF-3D58A9F2B9E8}.Release|Any CPU.Build.0 = Release|Any CPU
		{F96E059E-3674-4A52-87CF-3D58A9F2B9E8}.Release|ARM.ActiveCfg = Release|Any CPU
		{F96E059E-3674-4A52-87CF-3D58A9F2B9E8}.Release|ARM.Build.0 = Release|Any CPU
		{F96E059E-3674-4A52-87CF-3D58A9F2B9E8}.Release|ARM64.ActiveCfg = Release|Any CPU
		{F96E059E-3674-4A52-87CF-3D58A9F2B9E8}.Release|ARM64.Build.0 = Release|Any CPU
		{F96E059E-3674-4A52-87CF-3D58A9F2B9E8}.Release|x64.ActiveCfg = Release|Any CPU
		{F96E059E-3674-4A52-87CF-3D58A9F2B9E8}.Release|x64.Build.0 = Release|Any CPU
		{F96E059E-3674-4A52-87CF-3D58A9F2B9E8}.Release|x86.ActiveCfg = Release|Any CPU
		{F96E059E-3674-4A52-87CF-3D58A9F2B9E8}.Release|x86.Build.0 = Release|Any CPU
		{4B7BC177-BB4B-4FE7-978E-B0EDFB1D72D9}.Debug|Any CPU.ActiveCfg = Debug|Any CPU
		{4B7BC177-BB4B-4FE7-978E-B0EDFB1D72D9}.Debug|Any CPU.Build.0 = Debug|Any CPU
		{4B7BC177-BB4B-4FE7-978E-B0EDFB1D72D9}.Debug|ARM.ActiveCfg = Debug|Any CPU
		{4B7BC177-BB4B-4FE7-978E-B0EDFB1D72D9}.Debug|ARM.Build.0 = Debug|Any CPU
		{4B7BC177-BB4B-4FE7-978E-B0EDFB1D72D9}.Debug|ARM64.ActiveCfg = Debug|Any CPU
		{4B7BC177-BB4B-4FE7-978E-B0EDFB1D72D9}.Debug|ARM64.Build.0 = Debug|Any CPU
		{4B7BC177-BB4B-4FE7-978E-B0EDFB1D72D9}.Debug|x64.ActiveCfg = Debug|Any CPU
		{4B7BC177-BB4B-4FE7-978E-B0EDFB1D72D9}.Debug|x64.Build.0 = Debug|Any CPU
		{4B7BC177-BB4B-4FE7-978E-B0EDFB1D72D9}.Debug|x86.ActiveCfg = Debug|Any CPU
		{4B7BC177-BB4B-4FE7-978E-B0EDFB1D72D9}.Debug|x86.Build.0 = Debug|Any CPU
		{4B7BC177-BB4B-4FE7-978E-B0EDFB1D72D9}.Release|Any CPU.ActiveCfg = Release|Any CPU
		{4B7BC177-BB4B-4FE7-978E-B0EDFB1D72D9}.Release|Any CPU.Build.0 = Release|Any CPU
		{4B7BC177-BB4B-4FE7-978E-B0EDFB1D72D9}.Release|ARM.ActiveCfg = Release|Any CPU
		{4B7BC177-BB4B-4FE7-978E-B0EDFB1D72D9}.Release|ARM.Build.0 = Release|Any CPU
		{4B7BC177-BB4B-4FE7-978E-B0EDFB1D72D9}.Release|ARM64.ActiveCfg = Release|Any CPU
		{4B7BC177-BB4B-4FE7-978E-B0EDFB1D72D9}.Release|ARM64.Build.0 = Release|Any CPU
		{4B7BC177-BB4B-4FE7-978E-B0EDFB1D72D9}.Release|x64.ActiveCfg = Release|Any CPU
		{4B7BC177-BB4B-4FE7-978E-B0EDFB1D72D9}.Release|x64.Build.0 = Release|Any CPU
		{4B7BC177-BB4B-4FE7-978E-B0EDFB1D72D9}.Release|x86.ActiveCfg = Release|Any CPU
		{4B7BC177-BB4B-4FE7-978E-B0EDFB1D72D9}.Release|x86.Build.0 = Release|Any CPU
	EndGlobalSection
	GlobalSection(SolutionProperties) = preSolution
		HideSolutionNode = FALSE
	EndGlobalSection
	GlobalSection(NestedProjects) = preSolution
		{0CD1BF6C-4FB4-4335-B9F9-451DFEE5F7FD} = {6C83A596-D32D-B35F-00DD-F0C99B673980}
		{DF6EF766-2BD4-47F8-B38F-A5FF02AD534F} = {D67D4C0A-B945-473D-B2AF-5668D0D531E3}
		{F96E059E-3674-4A52-87CF-3D58A9F2B9E8} = {6C83A596-D32D-B35F-00DD-F0C99B673980}
		{4B7BC177-BB4B-4FE7-978E-B0EDFB1D72D9} = {D67D4C0A-B945-473D-B2AF-5668D0D531E3}
	EndGlobalSection
	GlobalSection(ExtensibilityGlobals) = postSolution
		SolutionGuid = {E1C8EC15-0AF7-43EF-98B2-B87AC63090BD}
	EndGlobalSection
EndGlobal
